
Microsoft Visual Studio Solution File, Format Version 12.00
# Visual Studio Version 16
VisualStudioVersion = 16.0.32510.428
MinimumVisualStudioVersion = 10.0.40219.1
Project("{2150E333-8FDC-42A3-9474-1A3956D46DE8}") = "Negocio", "Negocio", "{03245081-632A-46D8-B598-B6D434B61AAB}"
EndProject
Project("{2150E333-8FDC-42A3-9474-1A3956D46DE8}") = "AccesoDatos", "AccesoDatos", "{84EC136C-68C0-422E-BFCE-1978E0E13FB0}"
EndProject
Project("{2150E333-8FDC-42A3-9474-1A3956D46DE8}") = "Servicios", "Servicios", "{88F86E63-F083-4534-BF15-73A4164A886D}"
EndProject
Project("{2150E333-8FDC-42A3-9474-1A3956D46DE8}") = "Transversal", "Transversal", "{447C0E1E-EC0E-4BAC-BD2C-43511ABCD48C}"
EndProject
Project("{9A19103F-16F7-4668-BE54-9A1E7A4F7556}") = "ADN.BM", "ADN.BM\ADN.BM.csproj", "{1D5DD80D-C8B3-4920-B8CB-DF2633A62C56}"
EndProject
Project("{9A19103F-16F7-4668-BE54-9A1E7A4F7556}") = "ADN.DM", "ADN.DM\ADN.DM.csproj", "{4191E2BF-BA89-4EF8-B714-C7A431A20D80}"
EndProject
Project("{9A19103F-16F7-4668-BE54-9A1E7A4F7556}") = "ADN.API", "ADN.API\ADN.API.csproj", "{3E9324A8-15F0-4768-9EDE-A786EF1EFBE7}"
EndProject
Project("{9A19103F-16F7-4668-BE54-9A1E7A4F7556}") = "ADN.SUP", "ADN.SUP\ADN.SUP.csproj", "{FB141C72-9BA1-4CE6-90BD-B6ECE1EC41FB}"
EndProject
Project("{9A19103F-16F7-4668-BE54-9A1E7A4F7556}") = "ADN.DT", "ADN.DT\ADN.DT.csproj", "{01AA0E38-A8D6-48E2-B8D5-4E76E83BC8ED}"
EndProject
Project("{2150E333-8FDC-42A3-9474-1A3956D46DE8}") = "PruebasUnitarias", "PruebasUnitarias", "{AB0975C0-8D66-4053-98BB-D3E91A024F94}"
EndProject
Project("{FAE04EC0-301F-11D3-BF4B-00C04F79EFBC}") = "Tests", "Tests\Tests.csproj", "{7EA8143B-2683-4C72-A4CC-02131B316B20}"
EndProject
Global
	GlobalSection(SolutionConfigurationPlatforms) = preSolution
		Debug|Any CPU = Debug|Any CPU
		Release|Any CPU = Release|Any CPU
	EndGlobalSection
	GlobalSection(ProjectConfigurationPlatforms) = postSolution
		{1D5DD80D-C8B3-4920-B8CB-DF2633A62C56}.Debug|Any CPU.ActiveCfg = Debug|Any CPU
		{1D5DD80D-C8B3-4920-B8CB-DF2633A62C56}.Debug|Any CPU.Build.0 = Debug|Any CPU
		{1D5DD80D-C8B3-4920-B8CB-DF2633A62C56}.Release|Any CPU.ActiveCfg = Release|Any CPU
		{1D5DD80D-C8B3-4920-B8CB-DF2633A62C56}.Release|Any CPU.Build.0 = Release|Any CPU
		{4191E2BF-BA89-4EF8-B714-C7A431A20D80}.Debug|Any CPU.ActiveCfg = Debug|Any CPU
		{4191E2BF-BA89-4EF8-B714-C7A431A20D80}.Debug|Any CPU.Build.0 = Debug|Any CPU
		{4191E2BF-BA89-4EF8-B714-C7A431A20D80}.Release|Any CPU.ActiveCfg = Release|Any CPU
		{4191E2BF-BA89-4EF8-B714-C7A431A20D80}.Release|Any CPU.Build.0 = Release|Any CPU
		{3E9324A8-15F0-4768-9EDE-A786EF1EFBE7}.Debug|Any CPU.ActiveCfg = Debug|Any CPU
		{3E9324A8-15F0-4768-9EDE-A786EF1EFBE7}.Debug|Any CPU.Build.0 = Debug|Any CPU
		{3E9324A8-15F0-4768-9EDE-A786EF1EFBE7}.Release|Any CPU.ActiveCfg = Release|Any CPU
		{3E9324A8-15F0-4768-9EDE-A786EF1EFBE7}.Release|Any CPU.Build.0 = Release|Any CPU
		{FB141C72-9BA1-4CE6-90BD-B6ECE1EC41FB}.Debug|Any CPU.ActiveCfg = Debug|Any CPU
		{FB141C72-9BA1-4CE6-90BD-B6ECE1EC41FB}.Debug|Any CPU.Build.0 = Debug|Any CPU
		{FB141C72-9BA1-4CE6-90BD-B6ECE1EC41FB}.Release|Any CPU.ActiveCfg = Release|Any CPU
		{FB141C72-9BA1-4CE6-90BD-B6ECE1EC41FB}.Release|Any CPU.Build.0 = Release|Any CPU
		{01AA0E38-A8D6-48E2-B8D5-4E76E83BC8ED}.Debug|Any CPU.ActiveCfg = Debug|Any CPU
		{01AA0E38-A8D6-48E2-B8D5-4E76E83BC8ED}.Debug|Any CPU.Build.0 = Debug|Any CPU
		{01AA0E38-A8D6-48E2-B8D5-4E76E83BC8ED}.Release|Any CPU.ActiveCfg = Release|Any CPU
		{01AA0E38-A8D6-48E2-B8D5-4E76E83BC8ED}.Release|Any CPU.Build.0 = Release|Any CPU
		{7EA8143B-2683-4C72-A4CC-02131B316B20}.Debug|Any CPU.ActiveCfg = Debug|Any CPU
		{7EA8143B-2683-4C72-A4CC-02131B316B20}.Debug|Any CPU.Build.0 = Debug|Any CPU
		{7EA8143B-2683-4C72-A4CC-02131B316B20}.Release|Any CPU.ActiveCfg = Release|Any CPU
		{7EA8143B-2683-4C72-A4CC-02131B316B20}.Release|Any CPU.Build.0 = Release|Any CPU
	EndGlobalSection
	GlobalSection(SolutionProperties) = preSolution
		HideSolutionNode = FALSE
	EndGlobalSection
	GlobalSection(NestedProjects) = preSolution
		{1D5DD80D-C8B3-4920-B8CB-DF2633A62C56} = {03245081-632A-46D8-B598-B6D434B61AAB}
		{4191E2BF-BA89-4EF8-B714-C7A431A20D80} = {84EC136C-68C0-422E-BFCE-1978E0E13FB0}
		{3E9324A8-15F0-4768-9EDE-A786EF1EFBE7} = {88F86E63-F083-4534-BF15-73A4164A886D}
		{FB141C72-9BA1-4CE6-90BD-B6ECE1EC41FB} = {447C0E1E-EC0E-4BAC-BD2C-43511ABCD48C}
		{01AA0E38-A8D6-48E2-B8D5-4E76E83BC8ED} = {447C0E1E-EC0E-4BAC-BD2C-43511ABCD48C}
		{7EA8143B-2683-4C72-A4CC-02131B316B20} = {AB0975C0-8D66-4053-98BB-D3E91A024F94}
	EndGlobalSection
	GlobalSection(ExtensibilityGlobals) = postSolution
		SolutionGuid = {00D8D444-D24B-4831-A128-1FBC71432906}
	EndGlobalSection
EndGlobal
